// !$*UTF8*$!
{
	archiveVersion = 1;
	classes = {
	};
	objectVersion = 50;
	objects = {

/* Begin PBXBuildFile section */
		8509FF5D26F1A7AE00C60127 /* AppDelegate.swift in Sources */ = {isa = PBXBuildFile; fileRef = 8509FF5C26F1A7AE00C60127 /* AppDelegate.swift */; };
		8509FF5F26F1A7AE00C60127 /* SceneDelegate.swift in Sources */ = {isa = PBXBuildFile; fileRef = 8509FF5E26F1A7AE00C60127 /* SceneDelegate.swift */; };
		8509FF6126F1A7AE00C60127 /* ViewController.swift in Sources */ = {isa = PBXBuildFile; fileRef = 8509FF6026F1A7AE00C60127 /* ViewController.swift */; };
		8509FF6426F1A7AE00C60127 /* Main.storyboard in Resources */ = {isa = PBXBuildFile; fileRef = 8509FF6226F1A7AE00C60127 /* Main.storyboard */; };
		8509FF6626F1A7AF00C60127 /* Assets.xcassets in Resources */ = {isa = PBXBuildFile; fileRef = 8509FF6526F1A7AF00C60127 /* Assets.xcassets */; };
		8509FF6926F1A7AF00C60127 /* LaunchScreen.storyboard in Resources */ = {isa = PBXBuildFile; fileRef = 8509FF6726F1A7AF00C60127 /* LaunchScreen.storyboard */; };
		958861C3DEBB07404C450E00 /* Pods_flutter_module_import_demo.framework in Frameworks */ = {isa = PBXBuildFile; fileRef = 0AC412DE78E4F037BC602E54 /* Pods_flutter_module_import_demo.framework */; };
/* End PBXBuildFile section */

/* Begin PBXFileReference section */
		0AC412DE78E4F037BC602E54 /* Pods_flutter_module_import_demo.framework */ = {isa = PBXFileReference; explicitFileType = wrapper.framework; includeInIndex = 0; path = Pods_flutter_module_import_demo.framework; sourceTree = BUILT_PRODUCTS_DIR; };
		200AC4E03A752DC39AB9A079 /* Pods-flutter_module_import_demo.debug.xcconfig */ = {isa = PBXFileReference; includeInIndex = 1; lastKnownFileType = text.xcconfig; name = "Pods-flutter_module_import_demo.debug.xcconfig"; path = "Target Support Files/Pods-flutter_module_import_demo/Pods-flutter_module_import_demo.debug.xcconfig"; sourceTree = "<group>"; };
		8509FF5926F1A7AE00C60127 /* flutter_module_import_demo.app */ = {isa = PBXFileReference; explicitFileType = wrapper.application; includeInIndex = 0; path = flutter_module_import_demo.app; sourceTree = BUILT_PRODUCTS_DIR; };
		8509FF5C26F1A7AE00C60127 /* AppDelegate.swift */ = {isa = PBXFileReference; lastKnownFileType = sourcecode.swift; path = AppDelegate.swift; sourceTree = "<group>"; };
		8509FF5E26F1A7AE00C60127 /* SceneDelegate.swift */ = {isa = PBXFileReference; lastKnownFileType = sourcecode.swift; path = SceneDelegate.swift; sourceTree = "<group>"; };
		8509FF6026F1A7AE00C60127 /* ViewController.swift */ = {isa = PBXFileReference; lastKnownFileType = sourcecode.swift; path = ViewController.swift; sourceTree = "<group>"; };
		8509FF6326F1A7AE00C60127 /* Base */ = {isa = PBXFileReference; lastKnownFileType = file.storyboard; name = Base; path = Base.lproj/Main.storyboard; sourceTree = "<group>"; };
		8509FF6526F1A7AF00C60127 /* Assets.xcassets */ = {isa = PBXFileReference; lastKnownFileType = folder.assetcatalog; path = Assets.xcassets; sourceTree = "<group>"; };
		8509FF6826F1A7AF00C60127 /* Base */ = {isa = PBXFileReference; lastKnownFileType = file.storyboard; name = Base; path = Base.lproj/LaunchScreen.storyboard; sourceTree = "<group>"; };
		8509FF6A26F1A7AF00C60127 /* Info.plist */ = {isa = PBXFileReference; lastKnownFileType = text.plist.xml; path = Info.plist; sourceTree = "<group>"; };
		D821A0699BB0AD97725350DC /* Pods-flutter_module_import_demo.release.xcconfig */ = {isa = PBXFileReference; includeInIndex = 1; lastKnownFileType = text.xcconfig; name = "Pods-flutter_module_import_demo.release.xcconfig"; path = "Target Support Files/Pods-flutter_module_import_demo/Pods-flutter_module_import_demo.release.xcconfig"; sourceTree = "<group>"; };
/* End PBXFileReference section */

/* Begin PBXFrameworksBuildPhase section */
		8509FF5626F1A7AE00C60127 /* Frameworks */ = {
			isa = PBXFrameworksBuildPhase;
			buildActionMask = 2147483647;
			files = (
				958861C3DEBB07404C450E00 /* Pods_flutter_module_import_demo.framework in Frameworks */,
			);
			runOnlyForDeploymentPostprocessing = 0;
		};
/* End PBXFrameworksBuildPhase section */

/* Begin PBXGroup section */
		6C865530548250F7CFAB6B49 /* Pods */ = {
			isa = PBXGroup;
			children = (
				200AC4E03A752DC39AB9A079 /* Pods-flutter_module_import_demo.debug.xcconfig */,
				D821A0699BB0AD97725350DC /* Pods-flutter_module_import_demo.release.xcconfig */,
			);
			name = Pods;
			path = Pods;
			sourceTree = "<group>";
		};
		8509FF5026F1A7AE00C60127 = {
			isa = PBXGroup;
			children = (
				8509FF5B26F1A7AE00C60127 /* flutter_module_import_demo */,
				8509FF5A26F1A7AE00C60127 /* Products */,
				6C865530548250F7CFAB6B49 /* Pods */,
				C460C41B58CDCF86448D02DD /* Frameworks */,
			);
			sourceTree = "<group>";
		};
		8509FF5A26F1A7AE00C60127 /* Products */ = {
			isa = PBXGroup;
			children = (
				8509FF5926F1A7AE00C60127 /* flutter_module_import_demo.app */,
			);
			name = Products;
			sourceTree = "<group>";
		};
		8509FF5B26F1A7AE00C60127 /* flutter_module_import_demo */ = {
			isa = PBXGroup;
			children = (
				8509FF5C26F1A7AE00C60127 /* AppDelegate.swift */,
				8509FF5E26F1A7AE00C60127 /* SceneDelegate.swift */,
				8509FF6026F1A7AE00C60127 /* ViewController.swift */,
				8509FF6226F1A7AE00C60127 /* Main.storyboard */,
				8509FF6526F1A7AF00C60127 /* Assets.xcassets */,
				8509FF6726F1A7AF00C60127 /* LaunchScreen.storyboard */,
				8509FF6A26F1A7AF00C60127 /* Info.plist */,
			);
			path = flutter_module_import_demo;
			sourceTree = "<group>";
		};
		C460C41B58CDCF86448D02DD /* Frameworks */ = {
			isa = PBXGroup;
			children = (
				0AC412DE78E4F037BC602E54 /* Pods_flutter_module_import_demo.framework */,
			);
			name = Frameworks;
			sourceTree = "<group>";
		};
/* End PBXGroup section */

/* Begin PBXNativeTarget section */
		8509FF5826F1A7AE00C60127 /* flutter_module_import_demo */ = {
			isa = PBXNativeTarget;
			buildConfigurationList = 8509FF6D26F1A7AF00C60127 /* Build configuration list for PBXNativeTarget "flutter_module_import_demo" */;
			buildPhases = (
				2D1F7621AF1421DF602EB6DB /* [CP] Check Pods Manifest.lock */,
				E67B09247583EAA07BFF88DA /* [CP-User] Run Flutter Build flutter_module_sample Script */,
				8509FF5526F1A7AE00C60127 /* Sources */,
				8509FF5626F1A7AE00C60127 /* Frameworks */,
				8509FF5726F1A7AE00C60127 /* Resources */,
				A80D93B06BD7923E37853102 /* [CP] Embed Pods Frameworks */,
			);
			buildRules = (
			);
			dependencies = (
			);
			name = flutter_module_import_demo;
			productName = flutter_module_import_demo;
			productReference = 8509FF5926F1A7AE00C60127 /* flutter_module_import_demo.app */;
			productType = "com.apple.product-type.application";
		};
/* End PBXNativeTarget section */

/* Begin PBXProject section */
		8509FF5126F1A7AE00C60127 /* Project object */ = {
			isa = PBXProject;
			attributes = {
				LastSwiftUpdateCheck = 1250;
				LastUpgradeCheck = 1250;
				TargetAttributes = {
					8509FF5826F1A7AE00C60127 = {
						CreatedOnToolsVersion = 12.5.1;
					};
				};
			};
			buildConfigurationList = 8509FF5426F1A7AE00C60127 /* Build configuration list for PBXProject "flutter_module_import_demo" */;
			compatibilityVersion = "Xcode 9.3";
			developmentRegion = en;
			hasScannedForEncodings = 0;
			knownRegions = (
				en,
				Base,
			);
			mainGroup = 8509FF5026F1A7AE00C60127;
			productRefGroup = 8509FF5A26F1A7AE00C60127 /* Products */;
			projectDirPath = "";
			projectRoot = "";
			targets = (
				8509FF5826F1A7AE00C60127 /* flutter_module_import_demo */,
			);
		};
/* End PBXProject section */

/* Begin PBXResourcesBuildPhase section */
		8509FF5726F1A7AE00C60127 /* Resources */ = {
			isa = PBXResourcesBuildPhase;
			buildActionMask = 2147483647;
			files = (
				8509FF6926F1A7AF00C60127 /* LaunchScreen.storyboard in Resources */,
				8509FF6626F1A7AF00C60127 /* Assets.xcassets in Resources */,
				8509FF6426F1A7AE00C60127 /* Main.storyboard in Resources */,
			);
			runOnlyForDeploymentPostprocessing = 0;
		};
/* End PBXResourcesBuildPhase section */

/* Begin PBXShellScriptBuildPhase section */
		2D1F7621AF1421DF602EB6DB /* [CP] Check Pods Manifest.lock */ = {
			isa = PBXShellScriptBuildPhase;
			buildActionMask = 2147483647;
			files = (
			);
			inputFileListPaths = (
			);
			inputPaths = (
				"${PODS_PODFILE_DIR_PATH}/Podfile.lock",
				"${PODS_ROOT}/Manifest.lock",
			);
			name = "[CP] Check Pods Manifest.lock";
			outputFileListPaths = (
			);
			outputPaths = (
				"$(DERIVED_FILE_DIR)/Pods-flutter_module_import_demo-checkManifestLockResult.txt",
			);
			runOnlyForDeploymentPostprocessing = 0;
			shellPath = /bin/sh;
			shellScript = "diff \"${PODS_PODFILE_DIR_PATH}/Podfile.lock\" \"${PODS_ROOT}/Manifest.lock\" > /dev/null\nif [ $? != 0 ] ; then\n    # print error to STDERR\n    echo \"error: The sandbox is not in sync with the Podfile.lock. Run 'pod install' or update your CocoaPods installation.\" >&2\n    exit 1\nfi\n# This output is used by Xcode 'outputs' to avoid re-running this script phase.\necho \"SUCCESS\" > \"${SCRIPT_OUTPUT_FILE_0}\"\n";
			showEnvVarsInLog = 0;
		};
		A80D93B06BD7923E37853102 /* [CP] Embed Pods Frameworks */ = {
			isa = PBXShellScriptBuildPhase;
			buildActionMask = 2147483647;
			files = (
			);
			inputFileListPaths = (
				"${PODS_ROOT}/Target Support Files/Pods-flutter_module_import_demo/Pods-flutter_module_import_demo-frameworks-${CONFIGURATION}-input-files.xcfilelist",
			);
			name = "[CP] Embed Pods Frameworks";
			outputFileListPaths = (
				"${PODS_ROOT}/Target Support Files/Pods-flutter_module_import_demo/Pods-flutter_module_import_demo-frameworks-${CONFIGURATION}-output-files.xcfilelist",
			);
			runOnlyForDeploymentPostprocessing = 0;
			shellPath = /bin/sh;
			shellScript = "\"${PODS_ROOT}/Target Support Files/Pods-flutter_module_import_demo/Pods-flutter_module_import_demo-frameworks.sh\"\n";
			showEnvVarsInLog = 0;
		};
		E67B09247583EAA07BFF88DA /* [CP-User] Run Flutter Build flutter_module_sample Script */ = {
			isa = PBXShellScriptBuildPhase;
			buildActionMask = 2147483647;
			files = (
			);
			name = "[CP-User] Run Flutter Build flutter_module_sample Script";
			runOnlyForDeploymentPostprocessing = 0;
			shellPath = /bin/sh;
			shellScript = "set -e\nset -u\nsource \"${SRCROOT}/../flutter_module_sample/.ios/Flutter/flutter_export_environment.sh\"\nexport VERBOSE_SCRIPT_LOGGING=1 && \"$FLUTTER_ROOT\"/packages/flutter_tools/bin/xcode_backend.sh build";
		};
/* End PBXShellScriptBuildPhase section */

/* Begin PBXSourcesBuildPhase section */
		8509FF5526F1A7AE00C60127 /* Sources */ = {
			isa = PBXSourcesBuildPhase;
			buildActionMask = 2147483647;
			files = (
				8509FF6126F1A7AE00C60127 /* ViewController.swift in Sources */,
				8509FF5D26F1A7AE00C60127 /* AppDelegate.swift in Sources */,
				8509FF5F26F1A7AE00C60127 /* SceneDelegate.swift in Sources */,
			);
			runOnlyForDeploymentPostprocessing = 0;
		};
/* End PBXSourcesBuildPhase section */

/* Begin PBXVariantGroup section */
		8509FF6226F1A7AE00C60127 /* Main.storyboard */ = {
			isa = PBXVariantGroup;
			children = (
				8509FF6326F1A7AE00C60127 /* Base */,
			);
			name = Main.storyboard;
			sourceTree = "<group>";
		};
		8509FF6726F1A7AF00C60127 /* LaunchScreen.storyboard */ = {
			isa = PBXVariantGroup;
			children = (
				8509FF6826F1A7AF00C60127 /* Base */,
			);
			name = LaunchScreen.storyboard;
			sourceTree = "<group>";
		};
/* End PBXVariantGroup section */

/* Begin XCBuildConfiguration section */
		8509FF6B26F1A7AF00C60127 /* Debug */ = {
			isa = XCBuildConfiguration;
			buildSettings = {
				ALWAYS_SEARCH_USER_PATHS = NO;
				CLANG_ANALYZER_NONNULL = YES;
				CLANG_ANALYZER_NUMBER_OBJECT_CONVERSION = YES_AGGRESSIVE;
				CLANG_CXX_LANGUAGE_STANDARD = "gnu++14";
				CLANG_CXX_LIBRARY = "libc++";
				CLANG_ENABLE_MODULES = YES;
				CLANG_ENABLE_OBJC_ARC = YES;
				CLANG_ENABLE_OBJC_WEAK = YES;
				CLANG_WARN_BLOCK_CAPTURE_AUTORELEASING = YES;
				CLANG_WARN_BOOL_CONVERSION = YES;
				CLANG_WARN_COMMA = YES;
				CLANG_WARN_CONSTANT_CONVERSION = YES;
				CLANG_WARN_DEPRECATED_OBJC_IMPLEMENTATIONS = YES;
				CLANG_WARN_DIRECT_OBJC_ISA_USAGE = YES_ERROR;
				CLANG_WARN_DOCUMENTATION_COMMENTS = YES;
				CLANG_WARN_EMPTY_BODY = YES;
				CLANG_WARN_ENUM_CONVERSION = YES;
				CLANG_WARN_INFINITE_RECURSION = YES;
				CLANG_WARN_INT_CONVERSION = YES;
				CLANG_WARN_NON_LITERAL_NULL_CONVERSION = YES;
				CLANG_WARN_OBJC_IMPLICIT_RETAIN_SELF = YES;
				CLANG_WARN_OBJC_LITERAL_CONVERSION = YES;
				CLANG_WARN_OBJC_ROOT_CLASS = YES_ERROR;
				CLANG_WARN_QUOTED_INCLUDE_IN_FRAMEWORK_HEADER = YES;
				CLANG_WARN_RANGE_LOOP_ANALYSIS = YES;
				CLANG_WARN_STRICT_PROTOTYPES = YES;
				CLANG_WARN_SUSPICIOUS_MOVE = YES;
				CLANG_WARN_UNGUARDED_AVAILABILITY = YES_AGGRESSIVE;
				CLANG_WARN_UNREACHABLE_CODE = YES;
				CLANG_WARN__DUPLICATE_METHOD_MATCH = YES;
				COPY_PHASE_STRIP = NO;
				DEBUG_INFORMATION_FORMAT = dwarf;
				ENABLE_STRICT_OBJC_MSGSEND = YES;
				ENABLE_TESTABILITY = YES;
				GCC_C_LANGUAGE_STANDARD = gnu11;
				GCC_DYNAMIC_NO_PIC = NO;
				GCC_NO_COMMON_BLOCKS = YES;
				GCC_OPTIMIZATION_LEVEL = 0;
				GCC_PREPROCESSOR_DEFINITIONS = (
					"DEBUG=1",
					"$(inherited)",
				);
				GCC_WARN_64_TO_32_BIT_CONVERSION = YES;
				GCC_WARN_ABOUT_RETURN_TYPE = YES_ERROR;
				GCC_WARN_UNDECLARED_SELECTOR = YES;
				GCC_WARN_UNINITIALIZED_AUTOS = YES_AGGRESSIVE;
				GCC_WARN_UNUSED_FUNCTION = YES;
				GCC_WARN_UNUSED_VARIABLE = YES;
				IPHONEOS_DEPLOYMENT_TARGET = 14.5;
				MTL_ENABLE_DEBUG_INFO = INCLUDE_SOURCE;
				MTL_FAST_MATH = YES;
				ONLY_ACTIVE_ARCH = YES;
				SDKROOT = iphoneos;
				SWIFT_ACTIVE_COMPILATION_CONDITIONS = DEBUG;
				SWIFT_OPTIMIZATION_LEVEL = "-Onone";
			};
			name = Debug;
		};
		8509FF6C26F1A7AF00C60127 /* Release */ = {
			isa = XCBuildConfiguration;
			buildSettings = {
				ALWAYS_SEARCH_USER_PATHS = NO;
				CLANG_ANALYZER_NONNULL = YES;
				CLANG_ANALYZER_NUMBER_OBJECT_CONVERSION = YES_AGGRESSIVE;
				CLANG_CXX_LANGUAGE_STANDARD = "gnu++14";
				CLANG_CXX_LIBRARY = "libc++";
				CLANG_ENABLE_MODULES = YES;
				CLANG_ENABLE_OBJC_ARC = YES;
				CLANG_ENABLE_OBJC_WEAK = YES;
				CLANG_WARN_BLOCK_CAPTURE_AUTORELEASING = YES;
				CLANG_WARN_BOOL_CONVERSION = YES;
				CLANG_WARN_COMMA = YES;
				CLANG_WARN_CONSTANT_CONVERSION = YES;
				CLANG_WARN_DEPRECATED_OBJC_IMPLEMENTATIONS = YES;
				CLANG_WARN_DIRECT_OBJC_ISA_USAGE = YES_ERROR;
				CLANG_WARN_DOCUMENTATION_COMMENTS = YES;
				CLANG_WARN_EMPTY_BODY = YES;
				CLANG_WARN_ENUM_CONVERSION = YES;
				CLANG_WARN_INFINITE_RECURSION = YES;
				CLANG_WARN_INT_CONVERSION = YES;
				CLANG_WARN_NON_LITERAL_NULL_CONVERSION = YES;
				CLANG_WARN_OBJC_IMPLICIT_RETAIN_SELF = YES;
				CLANG_WARN_OBJC_LITERAL_CONVERSION = YES;
				CLANG_WARN_OBJC_ROOT_CLASS = YES_ERROR;
				CLANG_WARN_QUOTED_INCLUDE_IN_FRAMEWORK_HEADER = YES;
				CLANG_WARN_RANGE_LOOP_ANALYSIS = YES;
				CLANG_WARN_STRICT_PROTOTYPES = YES;
				CLANG_WARN_SUSPICIOUS_MOVE = YES;
				CLANG_WARN_UNGUARDED_AVAILABILITY = YES_AGGRESSIVE;
				CLANG_WARN_UNREACHABLE_CODE = YES;
				CLANG_WARN__DUPLICATE_METHOD_MATCH = YES;
				COPY_PHASE_STRIP = NO;
				DEBUG_INFORMATION_FORMAT = "dwarf-with-dsym";
				ENABLE_NS_ASSERTIONS = NO;
				ENABLE_STRICT_OBJC_MSGSEND = YES;
				GCC_C_LANGUAGE_STANDARD = gnu11;
				GCC_NO_COMMON_BLOCKS = YES;
				GCC_WARN_64_TO_32_BIT_CONVERSION = YES;
				GCC_WARN_ABOUT_RETURN_TYPE = YES_ERROR;
				GCC_WARN_UNDECLARED_SELECTOR = YES;
				GCC_WARN_UNINITIALIZED_AUTOS = YES_AGGRESSIVE;
				GCC_WARN_UNUSED_FUNCTION = YES;
				GCC_WARN_UNUSED_VARIABLE = YES;
				IPHONEOS_DEPLOYMENT_TARGET = 14.5;
				MTL_ENABLE_DEBUG_INFO = NO;
				MTL_FAST_MATH = YES;
				SDKROOT = iphoneos;
				SWIFT_COMPILATION_MODE = wholemodule;
				SWIFT_OPTIMIZATION_LEVEL = "-O";
				VALIDATE_PRODUCT = YES;
			};
			name = Release;
		};
		8509FF6E26F1A7AF00C60127 /* Debug */ = {
			isa = XCBuildConfiguration;
			baseConfigurationReference = 200AC4E03A752DC39AB9A079 /* Pods-flutter_module_import_demo.debug.xcconfig */;
			buildSettings = {
				ASSETCATALOG_COMPILER_APPICON_NAME = AppIcon;
				ASSETCATALOG_COMPILER_GLOBAL_ACCENT_COLOR_NAME = AccentColor;
				CODE_SIGN_STYLE = Automatic;
				DEVELOPMENT_TEAM = CZRVK6G83J;
				INFOPLIST_FILE = flutter_module_import_demo/Info.plist;
				LD_RUNPATH_SEARCH_PATHS = (
					"$(inherited)",
					"@executable_path/Frameworks",
				);
				PRODUCT_BUNDLE_IDENTIFIER = "tsuyohi-matsumaru.flutter-module-import-demo";
				PRODUCT_NAME = "$(TARGET_NAME)";
				SWIFT_VERSION = 5.0;
				TARGETED_DEVICE_FAMILY = "1,2";
			};
			name = Debug;
		};
		8509FF6F26F1A7AF00C60127 /* Release */ = {
			isa = XCBuildConfiguration;
			baseConfigurationReference = D821A0699BB0AD97725350DC /* Pods-flutter_module_import_demo.release.xcconfig */;
			buildSettings = {
				ASSETCATALOG_COMPILER_APPICON_NAME = AppIcon;
				ASSETCATALOG_COMPILER_GLOBAL_ACCENT_COLOR_NAME = AccentColor;
				CODE_SIGN_STYLE = Automatic;
				DEVELOPMENT_TEAM = CZRVK6G83J;
				INFOPLIST_FILE = flutter_module_import_demo/Info.plist;
				LD_RUNPATH_SEARCH_PATHS = (
					"$(inherited)",
					"@executable_path/Frameworks",
				);
				PRODUCT_BUNDLE_IDENTIFIER = "tsuyohi-matsumaru.flutter-module-import-demo";
				PRODUCT_NAME = "$(TARGET_NAME)";
				SWIFT_VERSION = 5.0;
				TARGETED_DEVICE_FAMILY = "1,2";
			};
			name = Release;
		};
/* End XCBuildConfiguration section */

/* Begin XCConfigurationList section */
		8509FF5426F1A7AE00C60127 /* Build configuration list for PBXProject "flutter_module_import_demo" */ = {
			isa = XCConfigurationList;
			buildConfigurations = (
				8509FF6B26F1A7AF00C60127 /* Debug */,
				8509FF6C26F1A7AF00C60127 /* Release */,
			);
			defaultConfigurationIsVisible = 0;
			defaultConfigurationName = Release;
		};
		8509FF6D26F1A7AF00C60127 /* Build configuration list for PBXNativeTarget "flutter_module_import_demo" */ = {
			isa = XCConfigurationList;
			buildConfigurations = (
				8509FF6E26F1A7AF00C60127 /* Debug */,
				8509FF6F26F1A7AF00C60127 /* Release */,
			);
			defaultConfigurationIsVisible = 0;
			defaultConfigurationName = Release;
		};
/* End XCConfigurationList section */
	};
	rootObject = 8509FF5126F1A7AE00C60127 /* Project object */;
}
